<?xml version="1.0" encoding="utf-8"?>
<Project ToolsVersion="4.0" xmlns="http://schemas.microsoft.com/developer/msbuild/2003">
  <ItemGroup>
    <ClInclude Include="Math.h" />
    <ClInclude Include="Strong.h" />
    <ClInclude Include="Point2D.h" />
    <ClInclude Include="Size2D.h" />
    <ClInclude Include="GdiObjectDeleter.h" />
    <ClInclude Include="is.h" />
    <ClInclude Include="GdiDcDeleter.h" />
    <ClInclude Include="GdiDcRelease.h" />
  </ItemGroup>
  <ItemGroup>
    <ClCompile Include="Math.cpp" />
    <ClCompile Include="GdiObjectDeleter.cpp" />
    <ClCompile Include="GdiDcDeleter.cpp" />
    <ClCompile Include="GdiDcRelease.cpp" />
  </ItemGroup>
</Project>