
Microsoft Visual Studio Solution File, Format Version 12.00
# Visual Studio Version 16
VisualStudioVersion = 16.0.29905.134
MinimumVisualStudioVersion = 10.0.40219.1
Project("{8BC9CEB8-8B4A-11D0-8D11-00A0C91BC942}") = "MassiveCompute", "MassiveCompute\MassiveCompute.vcxproj", "{BDA7EDAC-E155-4DFF-919D-759050BACE9A}"
EndProject
Project("{8BC9CEB8-8B4A-11D0-8D11-00A0C91BC942}") = "Ordering", "Ordering\Ordering.vcxproj", "{271764A3-441E-40A1-AA27-759FFE027114}"
EndProject
Project("{8BC9CEB8-8B4A-11D0-8D11-00A0C91BC942}") = "Raytracer", "Raytracer\Raytracer.vcxproj", "{11D84A4D-DFA7-438F-90BD-4EF8315E2686}"
EndProject
Project("{8BC9CEB8-8B4A-11D0-8D11-00A0C91BC942}") = "Helpers", "Helpers\Helpers.vcxproj", "{50D23176-85F0-4983-9DF8-FA10BD814D19}"
EndProject
Global
	GlobalSection(SolutionConfigurationPlatforms) = preSolution
		Debug|x64 = Debug|x64
		Debug|x86 = Debug|x86
		Release|x64 = Release|x64
		Release|x86 = Release|x86
	EndGlobalSection
	GlobalSection(ProjectConfigurationPlatforms) = postSolution
		{BDA7EDAC-E155-4DFF-919D-759050BACE9A}.Debug|x64.ActiveCfg = Debug|x64
		{BDA7EDAC-E155-4DFF-919D-759050BACE9A}.Debug|x64.Build.0 = Debug|x64
		{BDA7EDAC-E155-4DFF-919D-759050BACE9A}.Debug|x86.ActiveCfg = Debug|Win32
		{BDA7EDAC-E155-4DFF-919D-759050BACE9A}.Debug|x86.Build.0 = Debug|Win32
		{BDA7EDAC-E155-4DFF-919D-759050BACE9A}.Release|x64.ActiveCfg = Release|x64
		{BDA7EDAC-E155-4DFF-919D-759050BACE9A}.Release|x64.Build.0 = Release|x64
		{BDA7EDAC-E155-4DFF-919D-759050BACE9A}.Release|x86.ActiveCfg = Release|Win32
		{BDA7EDAC-E155-4DFF-919D-759050BACE9A}.Release|x86.Build.0 = Release|Win32
		{271764A3-441E-40A1-AA27-759FFE027114}.Debug|x64.ActiveCfg = Debug|x64
		{271764A3-441E-40A1-AA27-759FFE027114}.Debug|x64.Build.0 = Debug|x64
		{271764A3-441E-40A1-AA27-759FFE027114}.Debug|x86.ActiveCfg = Debug|Win32
		{271764A3-441E-40A1-AA27-759FFE027114}.Debug|x86.Build.0 = Debug|Win32
		{271764A3-441E-40A1-AA27-759FFE027114}.Release|x64.ActiveCfg = Release|x64
		{271764A3-441E-40A1-AA27-759FFE027114}.Release|x64.Build.0 = Release|x64
		{271764A3-441E-40A1-AA27-759FFE027114}.Release|x86.ActiveCfg = Release|Win32
		{271764A3-441E-40A1-AA27-759FFE027114}.Release|x86.Build.0 = Release|Win32
		{11D84A4D-DFA7-438F-90BD-4EF8315E2686}.Debug|x64.ActiveCfg = Debug|x64
		{11D84A4D-DFA7-438F-90BD-4EF8315E2686}.Debug|x64.Build.0 = Debug|x64
		{11D84A4D-DFA7-438F-90BD-4EF8315E2686}.Debug|x86.ActiveCfg = Debug|Win32
		{11D84A4D-DFA7-438F-90BD-4EF8315E2686}.Debug|x86.Build.0 = Debug|Win32
		{11D84A4D-DFA7-438F-90BD-4EF8315E2686}.Release|x64.ActiveCfg = Release|x64
		{11D84A4D-DFA7-438F-90BD-4EF8315E2686}.Release|x64.Build.0 = Release|x64
		{11D84A4D-DFA7-438F-90BD-4EF8315E2686}.Release|x86.ActiveCfg = Release|Win32
		{11D84A4D-DFA7-438F-90BD-4EF8315E2686}.Release|x86.Build.0 = Release|Win32
		{50D23176-85F0-4983-9DF8-FA10BD814D19}.Debug|x64.ActiveCfg = Debug|x64
		{50D23176-85F0-4983-9DF8-FA10BD814D19}.Debug|x64.Build.0 = Debug|x64
		{50D23176-85F0-4983-9DF8-FA10BD814D19}.Debug|x86.ActiveCfg = Debug|Win32
		{50D23176-85F0-4983-9DF8-FA10BD814D19}.Debug|x86.Build.0 = Debug|Win32
		{50D23176-85F0-4983-9DF8-FA10BD814D19}.Release|x64.ActiveCfg = Release|x64
		{50D23176-85F0-4983-9DF8-FA10BD814D19}.Release|x64.Build.0 = Release|x64
		{50D23176-85F0-4983-9DF8-FA10BD814D19}.Release|x86.ActiveCfg = Release|Win32
		{50D23176-85F0-4983-9DF8-FA10BD814D19}.Release|x86.Build.0 = Release|Win32
	EndGlobalSection
	GlobalSection(SolutionProperties) = preSolution
		HideSolutionNode = FALSE
	EndGlobalSection
	GlobalSection(ExtensibilityGlobals) = postSolution
		SolutionGuid = {D3BB308D-3A55-4C58-BCF8-43E60E6E26FB}
	EndGlobalSection
EndGlobal
