<?xml version="1.0" encoding="utf-8"?>
<Project ToolsVersion="4.0" xmlns="http://schemas.microsoft.com/developer/msbuild/2003">
  <ItemGroup>
    <ClInclude Include="render\fixp\fixed_class.h" />
    <ClInclude Include="render\fixp\fixed_func.h" />
    <ClInclude Include="render\AlphaBlendStrategy.h" />
    <ClInclude Include="render\Clipper.h" />
    <ClInclude Include="render\ColorOp.h" />
    <ClInclude Include="render\DrawLineStrategy.h" />
    <ClInclude Include="render\DrawStrategy.h" />
    <ClInclude Include="render\fixp64.h" />
    <ClInclude Include="render\FlipStrategy.h" />
    <ClInclude Include="render\FPSMeter.h" />
    <ClInclude Include="render\GeometryGen.h" />
    <ClInclude Include="render\GraphicImp.h" />
    <ClInclude Include="render\Input.h" />
    <ClInclude Include="render\lineInterp.h" />
    <ClInclude Include="render\math3DFunc.h" />
    <ClInclude Include="render\Math3DStructs.h" />
    <ClInclude Include="render\Pipeline.h" />
    <ClInclude Include="render\RenderState.h" />
    <ClInclude Include="render\stdafx.h" />
    <ClInclude Include="render\structures.h" />
    <ClInclude Include="render\Sys.h" />
    <ClInclude Include="render\targetver.h" />
    <ClInclude Include="render\triInterpI2.h" />
    <ClInclude Include="render\triInterpIter.h" />
    <ClInclude Include="render\triInterpolation.h" />
    <ClInclude Include="render\zBuffer.h" />
    <ClInclude Include="render\fixp\fixsintab.h" />
    <ClInclude Include="render\GraphicImpDirectDraw.h" />
    <ClInclude Include="ISoftRend.h" />
    <ClInclude Include="render\GraphicImpInMemory.h" />
    <ClInclude Include="DebugLayer\DebugLayer.h" />
    <ClInclude Include="render\Clip\SutherlandHodgmanTriangleClipper4D.h" />
    <ClInclude Include="render\RasterScan\RasterScanBox.h" />
    <ClInclude Include="render\RasterScan\RasterScanBox.hpp" />
    <ClInclude Include="render\RasterScan\RasterScanTriangle.h" />
    <ClInclude Include="render\RasterScan\RasterScanTriangle.hpp" />
    <ClInclude Include="render\Clip\SutherlandHodgmanTriangleClipper2D.h" />
    <ClInclude Include="render\Pipeline\Pipeline2.h" />
    <ClInclude Include="render\Pipeline\Pipeline2.hpp" />
    <ClInclude Include="render\Math\Float.h" />
    <ClInclude Include="render\Pipeline\Semantic\SemanticValues.h" />
    <ClInclude Include="render\Pipeline\Semantic\SemanticValueHelpers.h" />
    <ClInclude Include="render\Pipeline\Semantic\SemanticValueHelpers.hpp" />
    <ClInclude Include="render\Pipeline\Semantic\SemanticValuesLerp.h" />
    <ClInclude Include="render\Pipeline\Stages\VertexShaderDefault.h" />
    <ClInclude Include="render\Pipeline\Stages\PixelShaderDefault.h" />
    <ClInclude Include="render\Pipeline\Stages\BlendDefault.h" />
    <ClInclude Include="render\Pipeline\Pipeline2Traits.h" />
    <ClInclude Include="render\Pipeline\Clipping\SH4DPipeline2Clipper.h" />
    <ClInclude Include="render\Pipeline\Clipping\SH4DPipeline2Clipper.hpp" />
    <ClInclude Include="render\Pipeline\Test\Pipeline2Test.h" />
    <ClInclude Include="render\Pipeline\Pipeline2Viewport.h" />
  </ItemGroup>
  <ItemGroup>
    <ClCompile Include="render\fixp\fixed_func.cpp" />
    <ClCompile Include="render\AlphaBlendStrategy.cpp" />
    <ClCompile Include="render\Clipper.cpp" />
    <ClCompile Include="render\ColorOp.cpp" />
    <ClCompile Include="render\DrawLineStrategy.cpp" />
    <ClCompile Include="render\DrawStrategy.cpp" />
    <ClCompile Include="render\fixp64.cpp" />
    <ClCompile Include="render\FlipStrategy.cpp" />
    <ClCompile Include="render\FPSMeter.cpp" />
    <ClCompile Include="render\GeometryGen.cpp" />
    <ClCompile Include="render\Input.cpp" />
    <ClCompile Include="render\lineInterp.cpp" />
    <ClCompile Include="render\math3DFunc.cpp" />
    <ClCompile Include="render\Math3DStructs.cpp" />
    <ClCompile Include="render\Pipeline.cpp" />
    <ClCompile Include="render\RenderState.cpp" />
    <ClCompile Include="render\stdafx.cpp" />
    <ClCompile Include="render\structures.cpp" />
    <ClCompile Include="render\Sys.cpp" />
    <ClCompile Include="render\triInterpI2.cpp" />
    <ClCompile Include="render\triInterpIter.cpp" />
    <ClCompile Include="render\triInterpolation.cpp" />
    <ClCompile Include="render\zBuffer.cpp" />
    <ClCompile Include="render\GraphicImpDirectDraw.cpp" />
    <ClCompile Include="ISoftRend.cpp" />
    <ClCompile Include="render\GraphicImpInMemory.cpp" />
    <ClCompile Include="DebugLayer\DebugLayer.cpp" />
    <ClCompile Include="render\Clip\SutherlandHodgmanTriangleClipper4D.cpp" />
    <ClCompile Include="render\RasterScan\RasterScanBox.cpp" />
    <ClCompile Include="render\RasterScan\RasterScanTriangle.cpp" />
    <ClCompile Include="render\Clip\SutherlandHodgmanTriangleClipper2D.cpp" />
    <ClCompile Include="render\Pipeline\Semantic\SemanticValuesLerp.cpp" />
    <ClCompile Include="render\Pipeline\Stages\VertexShaderDefault.cpp" />
    <ClCompile Include="render\Pipeline\Stages\PixelShaderDefault.cpp" />
    <ClCompile Include="render\Pipeline\Stages\BlendDefault.cpp" />
    <ClCompile Include="render\Pipeline\Clipping\SH4DPipeline2Clipper.cpp" />
    <ClCompile Include="render\Pipeline\Test\Pipeline2Test.cpp" />
    <ClCompile Include="render\Math\Float.cpp" />
  </ItemGroup>
</Project>