<?xml version="1.0" encoding="utf-8"?>
<Project ToolsVersion="4.0" xmlns="http://schemas.microsoft.com/developer/msbuild/2003">
  <ItemGroup>
    <ClCompile Include="Raytracer.cpp" />
    <ClCompile Include="Window.cpp" />
    <ClCompile Include="GameWindow.cpp" />
    <ClCompile Include="HDCBackBuffer.cpp" />
    <ClCompile Include="SystemBackBufferLock.cpp" />
    <ClCompile Include="RayTraceWindowHandler.cpp" />
    <ClCompile Include="Render\Functor\TestGradientFunctor.cpp" />
  </ItemGroup>
  <ItemGroup>
    <ClInclude Include="Window.h" />
    <ClInclude Include="GameWindow.h" />
    <ClInclude Include="IGameWindowHandler.h" />
    <ClInclude Include="ISystemBackBuffer.h" />
    <ClInclude Include="HDCBackBuffer.h" />
    <ClInclude Include="SystemBackBufferLock.h" />
    <ClInclude Include="RayTraceWindowHandler.h" />
    <ClInclude Include="IWindowMessageHandler.h" />
    <ClInclude Include="Image\BGRA.h" />
    <ClInclude Include="Image\ImageView.h" />
    <ClInclude Include="Render\Functor\TestGradientFunctor.h" />
  </ItemGroup>
</Project>