<?xml version="1.0" encoding="utf-8"?>
<Project ToolsVersion="4.0" xmlns="http://schemas.microsoft.com/developer/msbuild/2003">
  <ItemGroup>
    <ClCompile Include="Raytracer.cpp" />
    <ClCompile Include="Window.cpp" />
    <ClCompile Include="GameWindow.cpp" />
    <ClCompile Include="HDCBackBuffer.cpp" />
    <ClCompile Include="SystemBackBufferLock.cpp" />
    <ClCompile Include="RayTraceWindowHandler.cpp" />
    <ClCompile Include="Render\Functor\TestGradientFunctor.cpp" />
    <ClCompile Include="Math\MathTest.cpp" />
    <ClCompile Include="Render\Functor\RayTraceFunctor.cpp" />
    <ClCompile Include="Render\Functor\RayTraceFunctorParams.cpp" />
    <ClCompile Include="Render\Hitable\Sphere.cpp" />
    <ClCompile Include="Render\Hitable\Triangle.cpp" />
    <ClCompile Include="Render\Hitable\HitableList.cpp" />
    <ClCompile Include="Render\AntiAliasing\SubpixelMsaa.cpp" />
    <ClCompile Include="Render\AntiAliasing\PixelMsaa.cpp" />
    <ClCompile Include="Render\PerlinNoise\PerlinNoiseTextureSampler.cpp" />
    <ClCompile Include="Render\PerlinNoise\PerlinNoiseNormalizedTextureSampler.cpp" />
    <ClCompile Include="Render\Material\Lambertian.cpp" />
    <ClCompile Include="Render\Material\Metal.cpp" />
    <ClCompile Include="Render\Random\TextureRaySamplerRandomInUnitSphere.cpp" />
    <ClCompile Include="Render\Material\Dielectric.cpp" />
    <ClCompile Include="Render\Camera\Camera.cpp" />
    <ClCompile Include="Render\Camera\CameraSettings.cpp" />
    <ClCompile Include="Render\Scenes\Book1Scene.cpp" />
    <ClCompile Include="Render\Random\RandomFunctions.cpp" />
    <ClCompile Include="Render\Random\HybridTausFn.cpp" />
    <ClCompile Include="Render\Hitable\MovingSphere.cpp" />
    <ClCompile Include="Math\aabb.cpp" />
  </ItemGroup>
  <ItemGroup>
    <ClInclude Include="Window.h" />
    <ClInclude Include="GameWindow.h" />
    <ClInclude Include="IGameWindowHandler.h" />
    <ClInclude Include="ISystemBackBuffer.h" />
    <ClInclude Include="HDCBackBuffer.h" />
    <ClInclude Include="SystemBackBufferLock.h" />
    <ClInclude Include="RayTraceWindowHandler.h" />
    <ClInclude Include="IWindowMessageHandler.h" />
    <ClInclude Include="Image\BGRA.h" />
    <ClInclude Include="Image\ImageView.h" />
    <ClInclude Include="Render\Functor\TestGradientFunctor.h" />
    <ClInclude Include="Image\Image.h" />
    <ClInclude Include="Render\Functor\CopyImageFunctor.h" />
    <ClInclude Include="Math\vec2.h" />
    <ClInclude Include="Math\vec3.h" />
    <ClInclude Include="Meta\IndexPair.h" />
    <ClInclude Include="Math\swizzleOp2.h" />
    <ClInclude Include="Math\swizzleOp3.h" />
    <ClInclude Include="Math\swizzleOp4.h" />
    <ClInclude Include="Math\swizzleOpVecHelper.h" />
    <ClInclude Include="Math\vec4.h" />
    <ClInclude Include="Math\vec.h" />
    <ClInclude Include="Math\MathTest.h" />
    <ClInclude Include="Render\Functor\RayTraceFunctor.h" />
    <ClInclude Include="Render\Functor\RayTraceFunctorParams.h" />
    <ClInclude Include="Math\ray.h" />
    <ClInclude Include="Render\Hitable\IHitable.h" />
    <ClInclude Include="Render\Hitable\HitRecord.h" />
    <ClInclude Include="Render\Hitable\Sphere.h" />
    <ClInclude Include="Render\Hitable\Triangle.h" />
    <ClInclude Include="Render\Hitable\HitableList.h" />
    <ClInclude Include="Render\AntiAliasing\IPixelAntiAliasing.h" />
    <ClInclude Include="Render\Sampler\IPixelSampler.h" />
    <ClInclude Include="Render\AntiAliasing\PixelMsaa.h" />
    <ClInclude Include="Render\AntiAliasing\SubpixelMsaa.h" />
    <ClInclude Include="Render\Sampler\ITextureSampler.h" />
    <ClInclude Include="Render\PerlinNoise\PerlinNoiseTextureSampler.h" />
    <ClInclude Include="Render\Sampler\TextureSamplerWithOffset.h" />
    <ClInclude Include="Render\Sampler\TextureRaySampler.h" />
    <ClInclude Include="Render\PerlinNoise\PerlinNoiseNormalizedTextureSampler.h" />
    <ClInclude Include="Render\Material\IMaterial.h" />
    <ClInclude Include="Render\Material\ScatterRecord.h" />
    <ClInclude Include="Render\Material\Lambertian.h" />
    <ClInclude Include="Render\Material\Metal.h" />
    <ClInclude Include="Render\Random\IRandomInUnitSphere.h" />
    <ClInclude Include="Render\Random\TextureRaySamplerRandomInUnitSphere.h" />
    <ClInclude Include="Render\Material\Dielectric.h" />
    <ClInclude Include="Render\Camera\Camera.h" />
    <ClInclude Include="Render\Camera\CameraSettings.h" />
    <ClInclude Include="Render\Scenes\Book1Scene.h" />
    <ClInclude Include="Render\Camera\ICamera.h" />
    <ClInclude Include="Render\Random\RandomFunctions.h" />
    <ClInclude Include="Render\Random\HybridTausFn.h" />
    <ClInclude Include="Math\Math.h" />
    <ClInclude Include="Render\Hitable\MovingSphere.h" />
    <ClInclude Include="Math\aabb.h" />
  </ItemGroup>
</Project>